
Microsoft Visual Studio Solution File, Format Version 12.00
# Visual Studio Version 17
VisualStudioVersion = 17.3.32929.385
MinimumVisualStudioVersion = 10.0.40219.1
Project("{FAE04EC0-301F-11D3-BF4B-00C04F79EFBC}") = "MyProject.Repositories", "MyProject.Repositories\MyProject.Repositories.csproj", "{C9AE1EF8-A55B-45F9-830D-9B0197EAE7B7}"
EndProject
Project("{FAE04EC0-301F-11D3-BF4B-00C04F79EFBC}") = "MyProject.Mock", "MyProject.Mock\MyProject.Mock.csproj", "{2FDF26D3-1E76-4014-BA20-5837B79E435F}"
EndProject
Project("{FAE04EC0-301F-11D3-BF4B-00C04F79EFBC}") = "MyProject.Services", "MyProject.Services\MyProject.Services.csproj", "{D36BACD6-2574-44C3-80AB-8C8FA039240A}"
EndProject
Project("{FAE04EC0-301F-11D3-BF4B-00C04F79EFBC}") = "MyProject.Common", "MyProject.Common\MyProject.Common.csproj", "{3FF5AA32-39ED-41DC-A080-76DD4552F789}"
EndProject
Project("{FAE04EC0-301F-11D3-BF4B-00C04F79EFBC}") = "MyProject.Web_API", "MyProject.Web_APi\MyProject.Web_API.csproj", "{254319AC-D49B-4DC8-8DC9-F4908F450B2D}"
EndProject
Global
	GlobalSection(SolutionConfigurationPlatforms) = preSolution
		Debug|Any CPU = Debug|Any CPU
		Release|Any CPU = Release|Any CPU
	EndGlobalSection
	GlobalSection(ProjectConfigurationPlatforms) = postSolution
		{C9AE1EF8-A55B-45F9-830D-9B0197EAE7B7}.Debug|Any CPU.ActiveCfg = Debug|Any CPU
		{C9AE1EF8-A55B-45F9-830D-9B0197EAE7B7}.Debug|Any CPU.Build.0 = Debug|Any CPU
		{C9AE1EF8-A55B-45F9-830D-9B0197EAE7B7}.Release|Any CPU.ActiveCfg = Release|Any CPU
		{C9AE1EF8-A55B-45F9-830D-9B0197EAE7B7}.Release|Any CPU.Build.0 = Release|Any CPU
		{2FDF26D3-1E76-4014-BA20-5837B79E435F}.Debug|Any CPU.ActiveCfg = Debug|Any CPU
		{2FDF26D3-1E76-4014-BA20-5837B79E435F}.Debug|Any CPU.Build.0 = Debug|Any CPU
		{2FDF26D3-1E76-4014-BA20-5837B79E435F}.Release|Any CPU.ActiveCfg = Release|Any CPU
		{2FDF26D3-1E76-4014-BA20-5837B79E435F}.Release|Any CPU.Build.0 = Release|Any CPU
		{D36BACD6-2574-44C3-80AB-8C8FA039240A}.Debug|Any CPU.ActiveCfg = Debug|Any CPU
		{D36BACD6-2574-44C3-80AB-8C8FA039240A}.Debug|Any CPU.Build.0 = Debug|Any CPU
		{D36BACD6-2574-44C3-80AB-8C8FA039240A}.Release|Any CPU.ActiveCfg = Release|Any CPU
		{D36BACD6-2574-44C3-80AB-8C8FA039240A}.Release|Any CPU.Build.0 = Release|Any CPU
		{3FF5AA32-39ED-41DC-A080-76DD4552F789}.Debug|Any CPU.ActiveCfg = Debug|Any CPU
		{3FF5AA32-39ED-41DC-A080-76DD4552F789}.Debug|Any CPU.Build.0 = Debug|Any CPU
		{3FF5AA32-39ED-41DC-A080-76DD4552F789}.Release|Any CPU.ActiveCfg = Release|Any CPU
		{3FF5AA32-39ED-41DC-A080-76DD4552F789}.Release|Any CPU.Build.0 = Release|Any CPU
		{254319AC-D49B-4DC8-8DC9-F4908F450B2D}.Debug|Any CPU.ActiveCfg = Debug|Any CPU
		{254319AC-D49B-4DC8-8DC9-F4908F450B2D}.Debug|Any CPU.Build.0 = Debug|Any CPU
		{254319AC-D49B-4DC8-8DC9-F4908F450B2D}.Release|Any CPU.ActiveCfg = Release|Any CPU
		{254319AC-D49B-4DC8-8DC9-F4908F450B2D}.Release|Any CPU.Build.0 = Release|Any CPU
	EndGlobalSection
	GlobalSection(SolutionProperties) = preSolution
		HideSolutionNode = FALSE
	EndGlobalSection
	GlobalSection(ExtensibilityGlobals) = postSolution
		SolutionGuid = {7EAEDFA6-9F34-4E5B-A3D6-828DEF015B4B}
	EndGlobalSection
EndGlobal
